
Microsoft Visual Studio Solution File, Format Version 12.00
# Visual Studio Version 17
VisualStudioVersion = 17.13.35931.197 d17.13
MinimumVisualStudioVersion = 10.0.40219.1
Project("{FAE04EC0-301F-11D3-BF4B-00C04F79EFBC}") = "TaskManagement", "TaskManagement.csproj", "{D7D36262-0CDB-4BCA-9D5B-344AC3196BA4}"
EndProject
Global
	GlobalSection(SolutionConfigurationPlatforms) = preSolution
		Debug|Any CPU = Debug|Any CPU
		Release|Any CPU = Release|Any CPU
	EndGlobalSection
	GlobalSection(ProjectConfigurationPlatforms) = postSolution
		{D7D36262-0CDB-4BCA-9D5B-344AC3196BA4}.Debug|Any CPU.ActiveCfg = Debug|Any CPU
		{D7D36262-0CDB-4BCA-9D5B-344AC3196BA4}.Debug|Any CPU.Build.0 = Debug|Any CPU
		{D7D36262-0CDB-4BCA-9D5B-344AC3196BA4}.Release|Any CPU.ActiveCfg = Release|Any CPU
		{D7D36262-0CDB-4BCA-9D5B-344AC3196BA4}.Release|Any CPU.Build.0 = Release|Any CPU
	EndGlobalSection
	GlobalSection(SolutionProperties) = preSolution
		HideSolutionNode = FALSE
	EndGlobalSection
	GlobalSection(ExtensibilityGlobals) = postSolution
		SolutionGuid = {3645DAF6-EE7E-4D17-8E6A-2BA9CBC2BD1D}
	EndGlobalSection
EndGlobal
